// !$*UTF8*$!
{
	archiveVersion = 1;
	classes = {
	};
	objectVersion = 56;
	objects = {

/* Begin PBXBuildFile section */
		579210262B6BE85F00C4BCD8 /* TestSparApp.swift in Sources */ = {isa = PBXBuildFile; fileRef = 579210252B6BE85F00C4BCD8 /* TestSparApp.swift */; };
		579210282B6BE85F00C4BCD8 /* MainView.swift in Sources */ = {isa = PBXBuildFile; fileRef = 579210272B6BE85F00C4BCD8 /* MainView.swift */; };
		5792102A2B6BE86100C4BCD8 /* Assets.xcassets in Resources */ = {isa = PBXBuildFile; fileRef = 579210292B6BE86100C4BCD8 /* Assets.xcassets */; };
		5792102D2B6BE86100C4BCD8 /* Preview Assets.xcassets in Resources */ = {isa = PBXBuildFile; fileRef = 5792102C2B6BE86100C4BCD8 /* Preview Assets.xcassets */; };
		579210342B6BE89700C4BCD8 /* Models.swift in Sources */ = {isa = PBXBuildFile; fileRef = 579210332B6BE89700C4BCD8 /* Models.swift */; };
		579210372B6BE8BA00C4BCD8 /* StorageManager.swift in Sources */ = {isa = PBXBuildFile; fileRef = 579210362B6BE8BA00C4BCD8 /* StorageManager.swift */; };
		579210392B6BE90500C4BCD8 /* CustomNavigationView.swift in Sources */ = {isa = PBXBuildFile; fileRef = 579210382B6BE90500C4BCD8 /* CustomNavigationView.swift */; };
		5792103D2B6BE93100C4BCD8 /* CharacteristicItemView.swift in Sources */ = {isa = PBXBuildFile; fileRef = 5792103C2B6BE93100C4BCD8 /* CharacteristicItemView.swift */; };
		5792103F2B6BE94300C4BCD8 /* ReviewView.swift in Sources */ = {isa = PBXBuildFile; fileRef = 5792103E2B6BE94300C4BCD8 /* ReviewView.swift */; };
		579210412B6BE95700C4BCD8 /* TabBar.swift in Sources */ = {isa = PBXBuildFile; fileRef = 579210402B6BE95700C4BCD8 /* TabBar.swift */; };
		579210432B6BE96900C4BCD8 /* DottedSeparator.swift in Sources */ = {isa = PBXBuildFile; fileRef = 579210422B6BE96900C4BCD8 /* DottedSeparator.swift */; };
		579210472B6BE9C900C4BCD8 /* DiscountBackview.swift in Sources */ = {isa = PBXBuildFile; fileRef = 579210462B6BE9C900C4BCD8 /* DiscountBackview.swift */; };
		579210492B6BEABB00C4BCD8 /* ImageProduct.swift in Sources */ = {isa = PBXBuildFile; fileRef = 579210482B6BEABB00C4BCD8 /* ImageProduct.swift */; };
		5792104B2B6BEADE00C4BCD8 /* ReviewsProduct.swift in Sources */ = {isa = PBXBuildFile; fileRef = 5792104A2B6BEADE00C4BCD8 /* ReviewsProduct.swift */; };
		5792104D2B6BEAF600C4BCD8 /* PriceProduct.swift in Sources */ = {isa = PBXBuildFile; fileRef = 5792104C2B6BEAF600C4BCD8 /* PriceProduct.swift */; };
		5792104F2B6BEB1A00C4BCD8 /* InfoAboutProduct.swift in Sources */ = {isa = PBXBuildFile; fileRef = 5792104E2B6BEB1A00C4BCD8 /* InfoAboutProduct.swift */; };
/* End PBXBuildFile section */

/* Begin PBXFileReference section */
		579210222B6BE85F00C4BCD8 /* TestSpar.app */ = {isa = PBXFileReference; explicitFileType = wrapper.application; includeInIndex = 0; path = TestSpar.app; sourceTree = BUILT_PRODUCTS_DIR; };
		579210252B6BE85F00C4BCD8 /* TestSparApp.swift */ = {isa = PBXFileReference; lastKnownFileType = sourcecode.swift; path = TestSparApp.swift; sourceTree = "<group>"; };
		579210272B6BE85F00C4BCD8 /* MainView.swift */ = {isa = PBXFileReference; lastKnownFileType = sourcecode.swift; path = MainView.swift; sourceTree = "<group>"; };
		579210292B6BE86100C4BCD8 /* Assets.xcassets */ = {isa = PBXFileReference; lastKnownFileType = folder.assetcatalog; path = Assets.xcassets; sourceTree = "<group>"; };
		5792102C2B6BE86100C4BCD8 /* Preview Assets.xcassets */ = {isa = PBXFileReference; lastKnownFileType = folder.assetcatalog; path = "Preview Assets.xcassets"; sourceTree = "<group>"; };
		579210332B6BE89700C4BCD8 /* Models.swift */ = {isa = PBXFileReference; lastKnownFileType = sourcecode.swift; path = Models.swift; sourceTree = "<group>"; };
		579210362B6BE8BA00C4BCD8 /* StorageManager.swift */ = {isa = PBXFileReference; lastKnownFileType = sourcecode.swift; path = StorageManager.swift; sourceTree = "<group>"; };
		579210382B6BE90500C4BCD8 /* CustomNavigationView.swift */ = {isa = PBXFileReference; lastKnownFileType = sourcecode.swift; path = CustomNavigationView.swift; sourceTree = "<group>"; };
		5792103C2B6BE93100C4BCD8 /* CharacteristicItemView.swift */ = {isa = PBXFileReference; lastKnownFileType = sourcecode.swift; path = CharacteristicItemView.swift; sourceTree = "<group>"; };
		5792103E2B6BE94300C4BCD8 /* ReviewView.swift */ = {isa = PBXFileReference; lastKnownFileType = sourcecode.swift; path = ReviewView.swift; sourceTree = "<group>"; };
		579210402B6BE95700C4BCD8 /* TabBar.swift */ = {isa = PBXFileReference; lastKnownFileType = sourcecode.swift; path = TabBar.swift; sourceTree = "<group>"; };
		579210422B6BE96900C4BCD8 /* DottedSeparator.swift */ = {isa = PBXFileReference; lastKnownFileType = sourcecode.swift; path = DottedSeparator.swift; sourceTree = "<group>"; };
		579210462B6BE9C900C4BCD8 /* DiscountBackview.swift */ = {isa = PBXFileReference; lastKnownFileType = sourcecode.swift; path = DiscountBackview.swift; sourceTree = "<group>"; };
		579210482B6BEABB00C4BCD8 /* ImageProduct.swift */ = {isa = PBXFileReference; lastKnownFileType = sourcecode.swift; path = ImageProduct.swift; sourceTree = "<group>"; };
		5792104A2B6BEADE00C4BCD8 /* ReviewsProduct.swift */ = {isa = PBXFileReference; lastKnownFileType = sourcecode.swift; path = ReviewsProduct.swift; sourceTree = "<group>"; };
		5792104C2B6BEAF600C4BCD8 /* PriceProduct.swift */ = {isa = PBXFileReference; lastKnownFileType = sourcecode.swift; path = PriceProduct.swift; sourceTree = "<group>"; };
		5792104E2B6BEB1A00C4BCD8 /* InfoAboutProduct.swift */ = {isa = PBXFileReference; lastKnownFileType = sourcecode.swift; path = InfoAboutProduct.swift; sourceTree = "<group>"; };
/* End PBXFileReference section */

/* Begin PBXFrameworksBuildPhase section */
		5792101F2B6BE85F00C4BCD8 /* Frameworks */ = {
			isa = PBXFrameworksBuildPhase;
			buildActionMask = 2147483647;
			files = (
			);
			runOnlyForDeploymentPostprocessing = 0;
		};
/* End PBXFrameworksBuildPhase section */

/* Begin PBXGroup section */
		579210192B6BE85F00C4BCD8 = {
			isa = PBXGroup;
			children = (
				579210242B6BE85F00C4BCD8 /* TestSpar */,
				579210232B6BE85F00C4BCD8 /* Products */,
			);
			sourceTree = "<group>";
		};
		579210232B6BE85F00C4BCD8 /* Products */ = {
			isa = PBXGroup;
			children = (
				579210222B6BE85F00C4BCD8 /* TestSpar.app */,
			);
			name = Products;
			sourceTree = "<group>";
		};
		579210242B6BE85F00C4BCD8 /* TestSpar */ = {
			isa = PBXGroup;
			children = (
				579210252B6BE85F00C4BCD8 /* TestSparApp.swift */,
				579210272B6BE85F00C4BCD8 /* MainView.swift */,
				5792103A2B6BE90E00C4BCD8 /* View */,
				579210352B6BE89E00C4BCD8 /* Model */,
				579210292B6BE86100C4BCD8 /* Assets.xcassets */,
				5792102B2B6BE86100C4BCD8 /* Preview Content */,
			);
			path = TestSpar;
			sourceTree = "<group>";
		};
		5792102B2B6BE86100C4BCD8 /* Preview Content */ = {
			isa = PBXGroup;
			children = (
				5792102C2B6BE86100C4BCD8 /* Preview Assets.xcassets */,
			);
			path = "Preview Content";
			sourceTree = "<group>";
		};
		579210352B6BE89E00C4BCD8 /* Model */ = {
			isa = PBXGroup;
			children = (
				579210332B6BE89700C4BCD8 /* Models.swift */,
				579210362B6BE8BA00C4BCD8 /* StorageManager.swift */,
			);
			path = Model;
			sourceTree = "<group>";
		};
		5792103A2B6BE90E00C4BCD8 /* View */ = {
			isa = PBXGroup;
			children = (
				579210482B6BEABB00C4BCD8 /* ImageProduct.swift */,
				5792104A2B6BEADE00C4BCD8 /* ReviewsProduct.swift */,
				5792104C2B6BEAF600C4BCD8 /* PriceProduct.swift */,
				5792104E2B6BEB1A00C4BCD8 /* InfoAboutProduct.swift */,
				5792103B2B6BE91400C4BCD8 /* Components */,
			);
			path = View;
			sourceTree = "<group>";
		};
		5792103B2B6BE91400C4BCD8 /* Components */ = {
			isa = PBXGroup;
			children = (
				579210382B6BE90500C4BCD8 /* CustomNavigationView.swift */,
				5792103C2B6BE93100C4BCD8 /* CharacteristicItemView.swift */,
				5792103E2B6BE94300C4BCD8 /* ReviewView.swift */,
				579210402B6BE95700C4BCD8 /* TabBar.swift */,
				579210422B6BE96900C4BCD8 /* DottedSeparator.swift */,
				579210462B6BE9C900C4BCD8 /* DiscountBackview.swift */,
			);
			path = Components;
			sourceTree = "<group>";
		};
/* End PBXGroup section */

/* Begin PBXNativeTarget section */
		579210212B6BE85F00C4BCD8 /* TestSpar */ = {
			isa = PBXNativeTarget;
			buildConfigurationList = 579210302B6BE86100C4BCD8 /* Build configuration list for PBXNativeTarget "TestSpar" */;
			buildPhases = (
				5792101E2B6BE85F00C4BCD8 /* Sources */,
				5792101F2B6BE85F00C4BCD8 /* Frameworks */,
				579210202B6BE85F00C4BCD8 /* Resources */,
			);
			buildRules = (
			);
			dependencies = (
			);
			name = TestSpar;
			productName = TestSpar;
			productReference = 579210222B6BE85F00C4BCD8 /* TestSpar.app */;
			productType = "com.apple.product-type.application";
		};
/* End PBXNativeTarget section */

/* Begin PBXProject section */
		5792101A2B6BE85F00C4BCD8 /* Project object */ = {
			isa = PBXProject;
			attributes = {
				BuildIndependentTargetsInParallel = 1;
				LastSwiftUpdateCheck = 1500;
				LastUpgradeCheck = 1500;
				TargetAttributes = {
					579210212B6BE85F00C4BCD8 = {
						CreatedOnToolsVersion = 15.0;
					};
				};
			};
			buildConfigurationList = 5792101D2B6BE85F00C4BCD8 /* Build configuration list for PBXProject "TestSpar" */;
			compatibilityVersion = "Xcode 14.0";
			developmentRegion = en;
			hasScannedForEncodings = 0;
			knownRegions = (
				en,
				Base,
			);
			mainGroup = 579210192B6BE85F00C4BCD8;
			productRefGroup = 579210232B6BE85F00C4BCD8 /* Products */;
			projectDirPath = "";
			projectRoot = "";
			targets = (
				579210212B6BE85F00C4BCD8 /* TestSpar */,
			);
		};
/* End PBXProject section */

/* Begin PBXResourcesBuildPhase section */
		579210202B6BE85F00C4BCD8 /* Resources */ = {
			isa = PBXResourcesBuildPhase;
			buildActionMask = 2147483647;
			files = (
				5792102D2B6BE86100C4BCD8 /* Preview Assets.xcassets in Resources */,
				5792102A2B6BE86100C4BCD8 /* Assets.xcassets in Resources */,
			);
			runOnlyForDeploymentPostprocessing = 0;
		};
/* End PBXResourcesBuildPhase section */

/* Begin PBXSourcesBuildPhase section */
		5792101E2B6BE85F00C4BCD8 /* Sources */ = {
			isa = PBXSourcesBuildPhase;
			buildActionMask = 2147483647;
			files = (
				579210342B6BE89700C4BCD8 /* Models.swift in Sources */,
				579210492B6BEABB00C4BCD8 /* ImageProduct.swift in Sources */,
				579210282B6BE85F00C4BCD8 /* MainView.swift in Sources */,
				579210392B6BE90500C4BCD8 /* CustomNavigationView.swift in Sources */,
				579210412B6BE95700C4BCD8 /* TabBar.swift in Sources */,
				579210262B6BE85F00C4BCD8 /* TestSparApp.swift in Sources */,
				579210432B6BE96900C4BCD8 /* DottedSeparator.swift in Sources */,
				5792103D2B6BE93100C4BCD8 /* CharacteristicItemView.swift in Sources */,
				579210372B6BE8BA00C4BCD8 /* StorageManager.swift in Sources */,
				5792104D2B6BEAF600C4BCD8 /* PriceProduct.swift in Sources */,
				5792104B2B6BEADE00C4BCD8 /* ReviewsProduct.swift in Sources */,
				5792104F2B6BEB1A00C4BCD8 /* InfoAboutProduct.swift in Sources */,
				579210472B6BE9C900C4BCD8 /* DiscountBackview.swift in Sources */,
				5792103F2B6BE94300C4BCD8 /* ReviewView.swift in Sources */,
			);
			runOnlyForDeploymentPostprocessing = 0;
		};
/* End PBXSourcesBuildPhase section */

/* Begin XCBuildConfiguration section */
		5792102E2B6BE86100C4BCD8 /* Debug */ = {
			isa = XCBuildConfiguration;
			buildSettings = {
				ALWAYS_SEARCH_USER_PATHS = NO;
				ASSETCATALOG_COMPILER_GENERATE_SWIFT_ASSET_SYMBOL_EXTENSIONS = YES;
				CLANG_ANALYZER_NONNULL = YES;
				CLANG_ANALYZER_NUMBER_OBJECT_CONVERSION = YES_AGGRESSIVE;
				CLANG_CXX_LANGUAGE_STANDARD = "gnu++20";
				CLANG_ENABLE_MODULES = YES;
				CLANG_ENABLE_OBJC_ARC = YES;
				CLANG_ENABLE_OBJC_WEAK = YES;
				CLANG_WARN_BLOCK_CAPTURE_AUTORELEASING = YES;
				CLANG_WARN_BOOL_CONVERSION = YES;
				CLANG_WARN_COMMA = YES;
				CLANG_WARN_CONSTANT_CONVERSION = YES;
				CLANG_WARN_DEPRECATED_OBJC_IMPLEMENTATIONS = YES;
				CLANG_WARN_DIRECT_OBJC_ISA_USAGE = YES_ERROR;
				CLANG_WARN_DOCUMENTATION_COMMENTS = YES;
				CLANG_WARN_EMPTY_BODY = YES;
				CLANG_WARN_ENUM_CONVERSION = YES;
				CLANG_WARN_INFINITE_RECURSION = YES;
				CLANG_WARN_INT_CONVERSION = YES;
				CLANG_WARN_NON_LITERAL_NULL_CONVERSION = YES;
				CLANG_WARN_OBJC_IMPLICIT_RETAIN_SELF = YES;
				CLANG_WARN_OBJC_LITERAL_CONVERSION = YES;
				CLANG_WARN_OBJC_ROOT_CLASS = YES_ERROR;
				CLANG_WARN_QUOTED_INCLUDE_IN_FRAMEWORK_HEADER = YES;
				CLANG_WARN_RANGE_LOOP_ANALYSIS = YES;
				CLANG_WARN_STRICT_PROTOTYPES = YES;
				CLANG_WARN_SUSPICIOUS_MOVE = YES;
				CLANG_WARN_UNGUARDED_AVAILABILITY = YES_AGGRESSIVE;
				CLANG_WARN_UNREACHABLE_CODE = YES;
				CLANG_WARN__DUPLICATE_METHOD_MATCH = YES;
				COPY_PHASE_STRIP = NO;
				DEBUG_INFORMATION_FORMAT = dwarf;
				ENABLE_STRICT_OBJC_MSGSEND = YES;
				ENABLE_TESTABILITY = YES;
				ENABLE_USER_SCRIPT_SANDBOXING = YES;
				GCC_C_LANGUAGE_STANDARD = gnu17;
				GCC_DYNAMIC_NO_PIC = NO;
				GCC_NO_COMMON_BLOCKS = YES;
				GCC_OPTIMIZATION_LEVEL = 0;
				GCC_PREPROCESSOR_DEFINITIONS = (
					"DEBUG=1",
					"$(inherited)",
				);
				GCC_WARN_64_TO_32_BIT_CONVERSION = YES;
				GCC_WARN_ABOUT_RETURN_TYPE = YES_ERROR;
				GCC_WARN_UNDECLARED_SELECTOR = YES;
				GCC_WARN_UNINITIALIZED_AUTOS = YES_AGGRESSIVE;
				GCC_WARN_UNUSED_FUNCTION = YES;
				GCC_WARN_UNUSED_VARIABLE = YES;
				IPHONEOS_DEPLOYMENT_TARGET = 14.0;
				LOCALIZATION_PREFERS_STRING_CATALOGS = YES;
				MTL_ENABLE_DEBUG_INFO = INCLUDE_SOURCE;
				MTL_FAST_MATH = YES;
				ONLY_ACTIVE_ARCH = YES;
				SDKROOT = iphoneos;
				SWIFT_ACTIVE_COMPILATION_CONDITIONS = "DEBUG $(inherited)";
				SWIFT_OPTIMIZATION_LEVEL = "-Onone";
			};
			name = Debug;
		};
		5792102F2B6BE86100C4BCD8 /* Release */ = {
			isa = XCBuildConfiguration;
			buildSettings = {
				ALWAYS_SEARCH_USER_PATHS = NO;
				ASSETCATALOG_COMPILER_GENERATE_SWIFT_ASSET_SYMBOL_EXTENSIONS = YES;
				CLANG_ANALYZER_NONNULL = YES;
				CLANG_ANALYZER_NUMBER_OBJECT_CONVERSION = YES_AGGRESSIVE;
				CLANG_CXX_LANGUAGE_STANDARD = "gnu++20";
				CLANG_ENABLE_MODULES = YES;
				CLANG_ENABLE_OBJC_ARC = YES;
				CLANG_ENABLE_OBJC_WEAK = YES;
				CLANG_WARN_BLOCK_CAPTURE_AUTORELEASING = YES;
				CLANG_WARN_BOOL_CONVERSION = YES;
				CLANG_WARN_COMMA = YES;
				CLANG_WARN_CONSTANT_CONVERSION = YES;
				CLANG_WARN_DEPRECATED_OBJC_IMPLEMENTATIONS = YES;
				CLANG_WARN_DIRECT_OBJC_ISA_USAGE = YES_ERROR;
				CLANG_WARN_DOCUMENTATION_COMMENTS = YES;
				CLANG_WARN_EMPTY_BODY = YES;
				CLANG_WARN_ENUM_CONVERSION = YES;
				CLANG_WARN_INFINITE_RECURSION = YES;
				CLANG_WARN_INT_CONVERSION = YES;
				CLANG_WARN_NON_LITERAL_NULL_CONVERSION = YES;
				CLANG_WARN_OBJC_IMPLICIT_RETAIN_SELF = YES;
				CLANG_WARN_OBJC_LITERAL_CONVERSION = YES;
				CLANG_WARN_OBJC_ROOT_CLASS = YES_ERROR;
				CLANG_WARN_QUOTED_INCLUDE_IN_FRAMEWORK_HEADER = YES;
				CLANG_WARN_RANGE_LOOP_ANALYSIS = YES;
				CLANG_WARN_STRICT_PROTOTYPES = YES;
				CLANG_WARN_SUSPICIOUS_MOVE = YES;
				CLANG_WARN_UNGUARDED_AVAILABILITY = YES_AGGRESSIVE;
				CLANG_WARN_UNREACHABLE_CODE = YES;
				CLANG_WARN__DUPLICATE_METHOD_MATCH = YES;
				COPY_PHASE_STRIP = NO;
				DEBUG_INFORMATION_FORMAT = "dwarf-with-dsym";
				ENABLE_NS_ASSERTIONS = NO;
				ENABLE_STRICT_OBJC_MSGSEND = YES;
				ENABLE_USER_SCRIPT_SANDBOXING = YES;
				GCC_C_LANGUAGE_STANDARD = gnu17;
				GCC_NO_COMMON_BLOCKS = YES;
				GCC_WARN_64_TO_32_BIT_CONVERSION = YES;
				GCC_WARN_ABOUT_RETURN_TYPE = YES_ERROR;
				GCC_WARN_UNDECLARED_SELECTOR = YES;
				GCC_WARN_UNINITIALIZED_AUTOS = YES_AGGRESSIVE;
				GCC_WARN_UNUSED_FUNCTION = YES;
				GCC_WARN_UNUSED_VARIABLE = YES;
				IPHONEOS_DEPLOYMENT_TARGET = 14.0;
				LOCALIZATION_PREFERS_STRING_CATALOGS = YES;
				MTL_ENABLE_DEBUG_INFO = NO;
				MTL_FAST_MATH = YES;
				SDKROOT = iphoneos;
				SWIFT_COMPILATION_MODE = wholemodule;
				VALIDATE_PRODUCT = YES;
			};
			name = Release;
		};
		579210312B6BE86100C4BCD8 /* Debug */ = {
			isa = XCBuildConfiguration;
			buildSettings = {
				ASSETCATALOG_COMPILER_APPICON_NAME = AppIcon;
				ASSETCATALOG_COMPILER_GLOBAL_ACCENT_COLOR_NAME = AccentColor;
				CODE_SIGN_STYLE = Automatic;
				CURRENT_PROJECT_VERSION = 1;
				DEVELOPMENT_ASSET_PATHS = "\"TestSpar/Preview Content\"";
				DEVELOPMENT_TEAM = FVUCM87L3U;
				ENABLE_PREVIEWS = YES;
				GENERATE_INFOPLIST_FILE = YES;
				INFOPLIST_KEY_UIApplicationSceneManifest_Generation = YES;
				INFOPLIST_KEY_UIApplicationSupportsIndirectInputEvents = YES;
				INFOPLIST_KEY_UILaunchScreen_Generation = YES;
				INFOPLIST_KEY_UISupportedInterfaceOrientations_iPad = "UIInterfaceOrientationPortrait UIInterfaceOrientationPortraitUpsideDown UIInterfaceOrientationLandscapeLeft UIInterfaceOrientationLandscapeRight";
				INFOPLIST_KEY_UISupportedInterfaceOrientations_iPhone = "UIInterfaceOrientationPortrait UIInterfaceOrientationLandscapeLeft UIInterfaceOrientationLandscapeRight";
				IPHONEOS_DEPLOYMENT_TARGET = 14.0;
				LD_RUNPATH_SEARCH_PATHS = (
					"$(inherited)",
					"@executable_path/Frameworks",
				);
				MARKETING_VERSION = 1.0;
				PRODUCT_BUNDLE_IDENTIFIER = "-9987.TestSpar";
				PRODUCT_NAME = "$(TARGET_NAME)";
				SWIFT_EMIT_LOC_STRINGS = YES;
				SWIFT_VERSION = 5.0;
				TARGETED_DEVICE_FAMILY = "1,2";
			};
			name = Debug;
		};
		579210322B6BE86100C4BCD8 /* Release */ = {
			isa = XCBuildConfiguration;
			buildSettings = {
				ASSETCATALOG_COMPILER_APPICON_NAME = AppIcon;
				ASSETCATALOG_COMPILER_GLOBAL_ACCENT_COLOR_NAME = AccentColor;
				CODE_SIGN_STYLE = Automatic;
				CURRENT_PROJECT_VERSION = 1;
				DEVELOPMENT_ASSET_PATHS = "\"TestSpar/Preview Content\"";
				DEVELOPMENT_TEAM = FVUCM87L3U;
				ENABLE_PREVIEWS = YES;
				GENERATE_INFOPLIST_FILE = YES;
				INFOPLIST_KEY_UIApplicationSceneManifest_Generation = YES;
				INFOPLIST_KEY_UIApplicationSupportsIndirectInputEvents = YES;
				INFOPLIST_KEY_UILaunchScreen_Generation = YES;
				INFOPLIST_KEY_UISupportedInterfaceOrientations_iPad = "UIInterfaceOrientationPortrait UIInterfaceOrientationPortraitUpsideDown UIInterfaceOrientationLandscapeLeft UIInterfaceOrientationLandscapeRight";
				INFOPLIST_KEY_UISupportedInterfaceOrientations_iPhone = "UIInterfaceOrientationPortrait UIInterfaceOrientationLandscapeLeft UIInterfaceOrientationLandscapeRight";
				IPHONEOS_DEPLOYMENT_TARGET = 14.0;
				LD_RUNPATH_SEARCH_PATHS = (
					"$(inherited)",
					"@executable_path/Frameworks",
				);
				MARKETING_VERSION = 1.0;
				PRODUCT_BUNDLE_IDENTIFIER = "-9987.TestSpar";
				PRODUCT_NAME = "$(TARGET_NAME)";
				SWIFT_EMIT_LOC_STRINGS = YES;
				SWIFT_VERSION = 5.0;
				TARGETED_DEVICE_FAMILY = "1,2";
			};
			name = Release;
		};
/* End XCBuildConfiguration section */

/* Begin XCConfigurationList section */
		5792101D2B6BE85F00C4BCD8 /* Build configuration list for PBXProject "TestSpar" */ = {
			isa = XCConfigurationList;
			buildConfigurations = (
				5792102E2B6BE86100C4BCD8 /* Debug */,
				5792102F2B6BE86100C4BCD8 /* Release */,
			);
			defaultConfigurationIsVisible = 0;
			defaultConfigurationName = Release;
		};
		579210302B6BE86100C4BCD8 /* Build configuration list for PBXNativeTarget "TestSpar" */ = {
			isa = XCConfigurationList;
			buildConfigurations = (
				579210312B6BE86100C4BCD8 /* Debug */,
				579210322B6BE86100C4BCD8 /* Release */,
			);
			defaultConfigurationIsVisible = 0;
			defaultConfigurationName = Release;
		};
/* End XCConfigurationList section */
	};
	rootObject = 5792101A2B6BE85F00C4BCD8 /* Project object */;
}
